
Microsoft Visual Studio Solution File, Format Version 12.00
# Visual Studio Version 17
VisualStudioVersion = 17.2.32630.192
MinimumVisualStudioVersion = 10.0.40219.1
Project("{2150E333-8FDC-42A3-9474-1A3956D46DE8}") = "05_StartUp", "05_StartUp", "{76E7DD32-D90A-47FE-B6EC-BF80B3093D0D}"
EndProject
Project("{2150E333-8FDC-42A3-9474-1A3956D46DE8}") = "11_Mini", "11_Mini", "{1F3C07A6-6873-4C52-8C87-0F85D5AC185A}"
EndProject
Project("{2150E333-8FDC-42A3-9474-1A3956D46DE8}") = "50_DBTool", "50_DBTool", "{0EF6F37D-5117-4BD2-B770-E0BB6968EFFD}"
EndProject
Project("{2150E333-8FDC-42A3-9474-1A3956D46DE8}") = "90_Doc", "90_Doc", "{00ABDD93-5285-4BFD-9D64-FFC3D1F15CA9}"
EndProject
Project("{9A19103F-16F7-4668-BE54-9A1E7A4F7556}") = "Breezee.Framework.Mini.StartUp", "..\002_MiniFramework\Breezee.Framework.Mini.StartUp\Breezee.Framework.Mini.StartUp.csproj", "{03F375FF-BC64-47EB-9D0C-A5DD49FBC0B2}"
EndProject
Project("{9A19103F-16F7-4668-BE54-9A1E7A4F7556}") = "Breezee.Framework.Mini.BLL", "..\002_MiniFramework\Breezee.Framework.Mini.BLL\Breezee.Framework.Mini.BLL.csproj", "{7B03CA41-7B1A-4919-B75A-726444CD41C7}"
EndProject
Project("{9A19103F-16F7-4668-BE54-9A1E7A4F7556}") = "Breezee.Framework.Mini.DAL", "..\002_MiniFramework\Breezee.Framework.Mini.DAL\Breezee.Framework.Mini.DAL.csproj", "{E616FF82-5B05-48BC-8BF6-CF4BDB9C9658}"
EndProject
Project("{2150E333-8FDC-42A3-9474-1A3956D46DE8}") = "DataAccess", "DataAccess", "{7D3476FD-676C-4B21-BBB0-66F747CC88A0}"
EndProject
Project("{9A19103F-16F7-4668-BE54-9A1E7A4F7556}") = "Breezee.Framework.Mini.DAL.MySql", "..\002_MiniFramework\Breezee.Framework.Mini.DAL.MySql\Breezee.Framework.Mini.DAL.MySql.csproj", "{4A6582B9-E11A-46F5-BE2C-94408E4F560E}"
EndProject
Project("{9A19103F-16F7-4668-BE54-9A1E7A4F7556}") = "Breezee.Framework.Mini.DAL.Oracle", "..\002_MiniFramework\Breezee.Framework.Mini.DAL.Oracle\Breezee.Framework.Mini.DAL.Oracle.csproj", "{44D5E2D3-556C-4D98-BECF-848695910DB2}"
EndProject
Project("{9A19103F-16F7-4668-BE54-9A1E7A4F7556}") = "Breezee.Framework.Mini.DAL.PostgreSql", "..\002_MiniFramework\Breezee.Framework.Mini.DAL.PostgreSql\Breezee.Framework.Mini.DAL.PostgreSql.csproj", "{678B9EF8-E756-486D-AD72-BB253C7A6CDD}"
EndProject
Project("{9A19103F-16F7-4668-BE54-9A1E7A4F7556}") = "Breezee.Framework.Mini.DAL.SQLite", "..\002_MiniFramework\Breezee.Framework.Mini.DAL.SQLite\Breezee.Framework.Mini.DAL.SQLite.csproj", "{504D8539-882C-4FA9-A50E-265AA546C54F}"
EndProject
Project("{9A19103F-16F7-4668-BE54-9A1E7A4F7556}") = "Breezee.Framework.Mini.DAL.SqlServer", "..\002_MiniFramework\Breezee.Framework.Mini.DAL.SqlServer\Breezee.Framework.Mini.DAL.SqlServer.csproj", "{82B9C054-3422-41B9-88B0-DD033B58AAA1}"
EndProject
Project("{9A19103F-16F7-4668-BE54-9A1E7A4F7556}") = "Breezee.Framework.Mini.Entity", "..\002_MiniFramework\Breezee.Framework.Mini.Entity\Breezee.Framework.Mini.Entity.csproj", "{ED74CE01-1A49-4A99-B302-2C0247C4714A}"
EndProject
Project("{9A19103F-16F7-4668-BE54-9A1E7A4F7556}") = "Breezee.Framework.Mini.IBLL", "..\002_MiniFramework\Breezee.Framework.Mini.IBLL\Breezee.Framework.Mini.IBLL.csproj", "{25961D38-4756-4D1A-B5B7-01EB45AC6113}"
EndProject
Project("{9A19103F-16F7-4668-BE54-9A1E7A4F7556}") = "Breezee.Framework.Mini.IDAL", "..\002_MiniFramework\Breezee.Framework.Mini.IDAL\Breezee.Framework.Mini.IDAL.csproj", "{69DA9E76-37F3-4D51-B13E-B2F07A7EEBC1}"
EndProject
Project("{9A19103F-16F7-4668-BE54-9A1E7A4F7556}") = "Breezee.WorkHelper.DBTool.BLL", "..\050_DBTool\Breezee.WorkHelper.DBTool.BLL\Breezee.WorkHelper.DBTool.BLL.csproj", "{361C1C1F-96D7-4751-8C24-897DB37AEDCC}"
EndProject
Project("{9A19103F-16F7-4668-BE54-9A1E7A4F7556}") = "Breezee.WorkHelper.DBTool.DAL", "..\050_DBTool\Breezee.WorkHelper.DBTool.DAL\Breezee.WorkHelper.DBTool.DAL.csproj", "{85B0F90D-F2D1-48D9-8FEE-5A74C8A625D0}"
EndProject
Project("{2150E333-8FDC-42A3-9474-1A3956D46DE8}") = "DataAccess", "DataAccess", "{0EBB7B16-5805-4CCF-B9EF-8F98652491AB}"
EndProject
Project("{9A19103F-16F7-4668-BE54-9A1E7A4F7556}") = "Breezee.WorkHelper.DBTool.DAL.MySql", "..\050_DBTool\Breezee.WorkHelper.DBTool.DAL.MySql\Breezee.WorkHelper.DBTool.DAL.MySql.csproj", "{AAD6CD40-F53D-4A49-A8DD-042140070D5C}"
EndProject
Project("{9A19103F-16F7-4668-BE54-9A1E7A4F7556}") = "Breezee.WorkHelper.DBTool.DAL.Oracle", "..\050_DBTool\Breezee.WorkHelper.DBTool.DAL.Oracle\Breezee.WorkHelper.DBTool.DAL.Oracle.csproj", "{B19EE796-636D-4050-AEDC-69B39528AC4B}"
EndProject
Project("{9A19103F-16F7-4668-BE54-9A1E7A4F7556}") = "Breezee.WorkHelper.DBTool.DAL.PostgreSql", "..\050_DBTool\Breezee.WorkHelper.DBTool.DAL.PostgreSql\Breezee.WorkHelper.DBTool.DAL.PostgreSql.csproj", "{FA22AEE8-3EC2-4703-BA71-D0D8379B8D34}"
EndProject
Project("{9A19103F-16F7-4668-BE54-9A1E7A4F7556}") = "Breezee.WorkHelper.DBTool.DAL.SQLite", "..\050_DBTool\Breezee.WorkHelper.DBTool.DAL.SQLite\Breezee.WorkHelper.DBTool.DAL.SQLite.csproj", "{35DEC715-EC2B-44DD-AF3C-08EBD9A85BC1}"
EndProject
Project("{9A19103F-16F7-4668-BE54-9A1E7A4F7556}") = "Breezee.WorkHelper.DBTool.DAL.SqlServer", "..\050_DBTool\Breezee.WorkHelper.DBTool.DAL.SqlServer\Breezee.WorkHelper.DBTool.DAL.SqlServer.csproj", "{31340448-BAE2-4319-8448-3807E506897D}"
EndProject
Project("{9A19103F-16F7-4668-BE54-9A1E7A4F7556}") = "Breezee.WorkHelper.DBTool.Entity", "..\050_DBTool\Breezee.WorkHelper.DBTool.Entity\Breezee.WorkHelper.DBTool.Entity.csproj", "{BC8C7BF2-AA29-4986-ACEC-D9997A2EDB86}"
EndProject
Project("{9A19103F-16F7-4668-BE54-9A1E7A4F7556}") = "Breezee.WorkHelper.DBTool.IBLL", "..\050_DBTool\Breezee.WorkHelper.DBTool.IBLL\Breezee.WorkHelper.DBTool.IBLL.csproj", "{F8EE8E41-5868-4ABA-9CF8-F8C6310A2A02}"
EndProject
Project("{9A19103F-16F7-4668-BE54-9A1E7A4F7556}") = "Breezee.WorkHelper.DBTool.IDAL", "..\050_DBTool\Breezee.WorkHelper.DBTool.IDAL\Breezee.WorkHelper.DBTool.IDAL.csproj", "{3B0CBBAA-6053-46B3-9D21-3A8D16610FB3}"
EndProject
Project("{9A19103F-16F7-4668-BE54-9A1E7A4F7556}") = "Breezee.WorkHelper.DBTool.Doc", "..\050_DBTool\Breezee.WorkHelper.DBTool.Doc\Breezee.WorkHelper.DBTool.Doc.csproj", "{64A5F521-E8DC-4A64-9234-89F59C7D6B55}"
EndProject
Project("{2150E333-8FDC-42A3-9474-1A3956D46DE8}") = "01_Base", "01_Base", "{A57749F4-75AF-49AD-A1AB-F1F99B4D7EE1}"
EndProject
Project("{9A19103F-16F7-4668-BE54-9A1E7A4F7556}") = "Breezee.Core.Adapter.BLL", "..\001_BreezeeCore.Net\Breezee.Core.Adapter.BLL\Breezee.Core.Adapter.BLL.csproj", "{FB85812D-EB5F-4EC6-8565-D3ECA251C497}"
EndProject
Project("{9A19103F-16F7-4668-BE54-9A1E7A4F7556}") = "Breezee.Core.Adapter.IBLL", "..\001_BreezeeCore.Net\Breezee.Core.Adapter.IBLL\Breezee.Core.Adapter.IBLL.csproj", "{3A1EBB4D-0999-4155-BD7E-0AABE2930BDC}"
EndProject
Project("{9A19103F-16F7-4668-BE54-9A1E7A4F7556}") = "Breezee.Core.Entity", "..\001_BreezeeCore.Net\Breezee.Core.Entity\Breezee.Core.Entity.csproj", "{E90C8A5C-B231-4E03-836D-8FB71977440F}"
EndProject
Project("{9A19103F-16F7-4668-BE54-9A1E7A4F7556}") = "Breezee.Core.Interface", "..\001_BreezeeCore.Net\Breezee.Core.Interface\Breezee.Core.Interface.csproj", "{8FC6F8BD-933D-4F88-9074-EE063DDD0F98}"
EndProject
Project("{9A19103F-16F7-4668-BE54-9A1E7A4F7556}") = "Breezee.Core.IOC", "..\001_BreezeeCore.Net\Breezee.Core.IOC\Breezee.Core.IOC.csproj", "{A8EED9F2-8CF8-4F6F-9A4F-E052F0541385}"
EndProject
Project("{9A19103F-16F7-4668-BE54-9A1E7A4F7556}") = "Breezee.Core.Tool", "..\001_BreezeeCore.Net\Breezee.Core.Tool\Breezee.Core.Tool.csproj", "{DFDE1031-EDD1-446E-A51E-EEE99FEF04D3}"
EndProject
Project("{9A19103F-16F7-4668-BE54-9A1E7A4F7556}") = "Breezee.Core.WinFormUI", "..\001_BreezeeCore.Net\Breezee.Core.WinFormUI\Breezee.Core.WinFormUI.csproj", "{F9150EBC-E315-4E28-9D67-A0EC21E599D0}"
EndProject
Project("{2150E333-8FDC-42A3-9474-1A3956D46DE8}") = "02_AutoSql", "02_AutoSql", "{D1E44E44-99A2-4FEE-98E7-5D82D35653E1}"
EndProject
Project("{2150E333-8FDC-42A3-9474-1A3956D46DE8}") = "04_MyPeach.Net", "04_MyPeach.Net", "{9FCD60D9-C176-42D4-A0F4-F1AA3900C3A8}"
EndProject
Project("{9A19103F-16F7-4668-BE54-9A1E7A4F7556}") = "MyPeachNet", "..\004_MyPeach.Net\MyPeachNet\MyPeachNet.csproj", "{8DCF55B1-DA05-4C27-AD0C-B0CCDF952E78}"
EndProject
Project("{9A19103F-16F7-4668-BE54-9A1E7A4F7556}") = "Breezee.AutoSQLExecutor.Core", "..\003_AutoSQLExecutor.Net\Breezee.AutoSQLExecutor.Core\Breezee.AutoSQLExecutor.Core.csproj", "{9086A4BA-AE04-4CDB-9DC0-C867A327AE57}"
EndProject
Project("{9A19103F-16F7-4668-BE54-9A1E7A4F7556}") = "Breezee.AutoSQLExecutor.MySql", "..\003_AutoSQLExecutor.Net\Breezee.AutoSQLExecutor.MySql\Breezee.AutoSQLExecutor.MySql.csproj", "{720E426E-7708-43DA-A223-4416476CB869}"
EndProject
Project("{9A19103F-16F7-4668-BE54-9A1E7A4F7556}") = "Breezee.AutoSQLExecutor.Oracle", "..\003_AutoSQLExecutor.Net\Breezee.AutoSQLExecutor.Oracle\Breezee.AutoSQLExecutor.Oracle.csproj", "{C9D16487-C207-4304-B75D-52A3C3505EF1}"
EndProject
Project("{9A19103F-16F7-4668-BE54-9A1E7A4F7556}") = "Breezee.AutoSQLExecutor.PostgreSQL", "..\003_AutoSQLExecutor.Net\Breezee.AutoSQLExecutor.PostgreSQL\Breezee.AutoSQLExecutor.PostgreSQL.csproj", "{8DD7CFEC-FFBB-49CD-AED3-BEA86C84BBCB}"
EndProject
Project("{9A19103F-16F7-4668-BE54-9A1E7A4F7556}") = "Breezee.AutoSQLExecutor.SQLite", "..\003_AutoSQLExecutor.Net\Breezee.AutoSQLExecutor.SQLite\Breezee.AutoSQLExecutor.SQLite.csproj", "{0E0B58FB-EF99-4639-AA94-E763799761F2}"
EndProject
Project("{9A19103F-16F7-4668-BE54-9A1E7A4F7556}") = "Breezee.AutoSQLExecutor.SqlServer", "..\003_AutoSQLExecutor.Net\Breezee.AutoSQLExecutor.SqlServer\Breezee.AutoSQLExecutor.SqlServer.csproj", "{17AD17FD-4461-4E39-9930-9D7A8E5981FC}"
EndProject
Project("{9A19103F-16F7-4668-BE54-9A1E7A4F7556}") = "Breezee.AutoSQLExecutor.Common", "..\003_AutoSQLExecutor.Net\Breezee.AutoSQLExecutor.Common\Breezee.AutoSQLExecutor.Common.csproj", "{C2A358E4-F0C7-4D20-8A83-D2A5F5EEB028}"
EndProject
Project("{9A19103F-16F7-4668-BE54-9A1E7A4F7556}") = "Breezee.WorkHelper.DBTool.UI", "..\050_DBTool\Breezee.WorkHelper.DBTool.UI\Breezee.WorkHelper.DBTool.UI.csproj", "{0D698457-A293-4547-A04E-1A90731156A9}"
EndProject
Project("{9A19103F-16F7-4668-BE54-9A1E7A4F7556}") = "Breezee.Core", "..\001_BreezeeCore.Net\Breezee.Core\Breezee.Core.csproj", "{A9DEF692-0264-4792-A175-59B78B5B4590}"
EndProject
Project("{FAE04EC0-301F-11D3-BF4B-00C04F79EFBC}") = "ConsoleTestApp", "..\900_Test\ConsoleTestApp\ConsoleTestApp.csproj", "{248E84B2-B55F-4E09-A444-9493333F5829}"
EndProject
Global
	GlobalSection(SolutionConfigurationPlatforms) = preSolution
		Debug|Any CPU = Debug|Any CPU
		Release|Any CPU = Release|Any CPU
	EndGlobalSection
	GlobalSection(ProjectConfigurationPlatforms) = postSolution
		{03F375FF-BC64-47EB-9D0C-A5DD49FBC0B2}.Debug|Any CPU.ActiveCfg = Debug|Any CPU
		{03F375FF-BC64-47EB-9D0C-A5DD49FBC0B2}.Debug|Any CPU.Build.0 = Debug|Any CPU
		{03F375FF-BC64-47EB-9D0C-A5DD49FBC0B2}.Release|Any CPU.ActiveCfg = Release|Any CPU
		{03F375FF-BC64-47EB-9D0C-A5DD49FBC0B2}.Release|Any CPU.Build.0 = Release|Any CPU
		{7B03CA41-7B1A-4919-B75A-726444CD41C7}.Debug|Any CPU.ActiveCfg = Debug|Any CPU
		{7B03CA41-7B1A-4919-B75A-726444CD41C7}.Debug|Any CPU.Build.0 = Debug|Any CPU
		{7B03CA41-7B1A-4919-B75A-726444CD41C7}.Release|Any CPU.ActiveCfg = Release|Any CPU
		{7B03CA41-7B1A-4919-B75A-726444CD41C7}.Release|Any CPU.Build.0 = Release|Any CPU
		{E616FF82-5B05-48BC-8BF6-CF4BDB9C9658}.Debug|Any CPU.ActiveCfg = Debug|Any CPU
		{E616FF82-5B05-48BC-8BF6-CF4BDB9C9658}.Debug|Any CPU.Build.0 = Debug|Any CPU
		{E616FF82-5B05-48BC-8BF6-CF4BDB9C9658}.Release|Any CPU.ActiveCfg = Release|Any CPU
		{E616FF82-5B05-48BC-8BF6-CF4BDB9C9658}.Release|Any CPU.Build.0 = Release|Any CPU
		{4A6582B9-E11A-46F5-BE2C-94408E4F560E}.Debug|Any CPU.ActiveCfg = Debug|Any CPU
		{4A6582B9-E11A-46F5-BE2C-94408E4F560E}.Debug|Any CPU.Build.0 = Debug|Any CPU
		{4A6582B9-E11A-46F5-BE2C-94408E4F560E}.Release|Any CPU.ActiveCfg = Release|Any CPU
		{4A6582B9-E11A-46F5-BE2C-94408E4F560E}.Release|Any CPU.Build.0 = Release|Any CPU
		{44D5E2D3-556C-4D98-BECF-848695910DB2}.Debug|Any CPU.ActiveCfg = Debug|Any CPU
		{44D5E2D3-556C-4D98-BECF-848695910DB2}.Debug|Any CPU.Build.0 = Debug|Any CPU
		{44D5E2D3-556C-4D98-BECF-848695910DB2}.Release|Any CPU.ActiveCfg = Release|Any CPU
		{44D5E2D3-556C-4D98-BECF-848695910DB2}.Release|Any CPU.Build.0 = Release|Any CPU
		{678B9EF8-E756-486D-AD72-BB253C7A6CDD}.Debug|Any CPU.ActiveCfg = Debug|Any CPU
		{678B9EF8-E756-486D-AD72-BB253C7A6CDD}.Debug|Any CPU.Build.0 = Debug|Any CPU
		{678B9EF8-E756-486D-AD72-BB253C7A6CDD}.Release|Any CPU.ActiveCfg = Release|Any CPU
		{678B9EF8-E756-486D-AD72-BB253C7A6CDD}.Release|Any CPU.Build.0 = Release|Any CPU
		{504D8539-882C-4FA9-A50E-265AA546C54F}.Debug|Any CPU.ActiveCfg = Debug|Any CPU
		{504D8539-882C-4FA9-A50E-265AA546C54F}.Debug|Any CPU.Build.0 = Debug|Any CPU
		{504D8539-882C-4FA9-A50E-265AA546C54F}.Release|Any CPU.ActiveCfg = Release|Any CPU
		{504D8539-882C-4FA9-A50E-265AA546C54F}.Release|Any CPU.Build.0 = Release|Any CPU
		{82B9C054-3422-41B9-88B0-DD033B58AAA1}.Debug|Any CPU.ActiveCfg = Debug|Any CPU
		{82B9C054-3422-41B9-88B0-DD033B58AAA1}.Debug|Any CPU.Build.0 = Debug|Any CPU
		{82B9C054-3422-41B9-88B0-DD033B58AAA1}.Release|Any CPU.ActiveCfg = Release|Any CPU
		{82B9C054-3422-41B9-88B0-DD033B58AAA1}.Release|Any CPU.Build.0 = Release|Any CPU
		{ED74CE01-1A49-4A99-B302-2C0247C4714A}.Debug|Any CPU.ActiveCfg = Debug|Any CPU
		{ED74CE01-1A49-4A99-B302-2C0247C4714A}.Debug|Any CPU.Build.0 = Debug|Any CPU
		{ED74CE01-1A49-4A99-B302-2C0247C4714A}.Release|Any CPU.ActiveCfg = Release|Any CPU
		{ED74CE01-1A49-4A99-B302-2C0247C4714A}.Release|Any CPU.Build.0 = Release|Any CPU
		{25961D38-4756-4D1A-B5B7-01EB45AC6113}.Debug|Any CPU.ActiveCfg = Debug|Any CPU
		{25961D38-4756-4D1A-B5B7-01EB45AC6113}.Debug|Any CPU.Build.0 = Debug|Any CPU
		{25961D38-4756-4D1A-B5B7-01EB45AC6113}.Release|Any CPU.ActiveCfg = Release|Any CPU
		{25961D38-4756-4D1A-B5B7-01EB45AC6113}.Release|Any CPU.Build.0 = Release|Any CPU
		{69DA9E76-37F3-4D51-B13E-B2F07A7EEBC1}.Debug|Any CPU.ActiveCfg = Debug|Any CPU
		{69DA9E76-37F3-4D51-B13E-B2F07A7EEBC1}.Debug|Any CPU.Build.0 = Debug|Any CPU
		{69DA9E76-37F3-4D51-B13E-B2F07A7EEBC1}.Release|Any CPU.ActiveCfg = Release|Any CPU
		{69DA9E76-37F3-4D51-B13E-B2F07A7EEBC1}.Release|Any CPU.Build.0 = Release|Any CPU
		{361C1C1F-96D7-4751-8C24-897DB37AEDCC}.Debug|Any CPU.ActiveCfg = Debug|Any CPU
		{361C1C1F-96D7-4751-8C24-897DB37AEDCC}.Debug|Any CPU.Build.0 = Debug|Any CPU
		{361C1C1F-96D7-4751-8C24-897DB37AEDCC}.Release|Any CPU.ActiveCfg = Release|Any CPU
		{361C1C1F-96D7-4751-8C24-897DB37AEDCC}.Release|Any CPU.Build.0 = Release|Any CPU
		{85B0F90D-F2D1-48D9-8FEE-5A74C8A625D0}.Debug|Any CPU.ActiveCfg = Debug|Any CPU
		{85B0F90D-F2D1-48D9-8FEE-5A74C8A625D0}.Debug|Any CPU.Build.0 = Debug|Any CPU
		{85B0F90D-F2D1-48D9-8FEE-5A74C8A625D0}.Release|Any CPU.ActiveCfg = Release|Any CPU
		{85B0F90D-F2D1-48D9-8FEE-5A74C8A625D0}.Release|Any CPU.Build.0 = Release|Any CPU
		{AAD6CD40-F53D-4A49-A8DD-042140070D5C}.Debug|Any CPU.ActiveCfg = Debug|Any CPU
		{AAD6CD40-F53D-4A49-A8DD-042140070D5C}.Debug|Any CPU.Build.0 = Debug|Any CPU
		{AAD6CD40-F53D-4A49-A8DD-042140070D5C}.Release|Any CPU.ActiveCfg = Release|Any CPU
		{AAD6CD40-F53D-4A49-A8DD-042140070D5C}.Release|Any CPU.Build.0 = Release|Any CPU
		{B19EE796-636D-4050-AEDC-69B39528AC4B}.Debug|Any CPU.ActiveCfg = Debug|Any CPU
		{B19EE796-636D-4050-AEDC-69B39528AC4B}.Debug|Any CPU.Build.0 = Debug|Any CPU
		{B19EE796-636D-4050-AEDC-69B39528AC4B}.Release|Any CPU.ActiveCfg = Release|Any CPU
		{B19EE796-636D-4050-AEDC-69B39528AC4B}.Release|Any CPU.Build.0 = Release|Any CPU
		{FA22AEE8-3EC2-4703-BA71-D0D8379B8D34}.Debug|Any CPU.ActiveCfg = Debug|Any CPU
		{FA22AEE8-3EC2-4703-BA71-D0D8379B8D34}.Debug|Any CPU.Build.0 = Debug|Any CPU
		{FA22AEE8-3EC2-4703-BA71-D0D8379B8D34}.Release|Any CPU.ActiveCfg = Release|Any CPU
		{FA22AEE8-3EC2-4703-BA71-D0D8379B8D34}.Release|Any CPU.Build.0 = Release|Any CPU
		{35DEC715-EC2B-44DD-AF3C-08EBD9A85BC1}.Debug|Any CPU.ActiveCfg = Debug|Any CPU
		{35DEC715-EC2B-44DD-AF3C-08EBD9A85BC1}.Debug|Any CPU.Build.0 = Debug|Any CPU
		{35DEC715-EC2B-44DD-AF3C-08EBD9A85BC1}.Release|Any CPU.ActiveCfg = Release|Any CPU
		{35DEC715-EC2B-44DD-AF3C-08EBD9A85BC1}.Release|Any CPU.Build.0 = Release|Any CPU
		{31340448-BAE2-4319-8448-3807E506897D}.Debug|Any CPU.ActiveCfg = Debug|Any CPU
		{31340448-BAE2-4319-8448-3807E506897D}.Debug|Any CPU.Build.0 = Debug|Any CPU
		{31340448-BAE2-4319-8448-3807E506897D}.Release|Any CPU.ActiveCfg = Release|Any CPU
		{31340448-BAE2-4319-8448-3807E506897D}.Release|Any CPU.Build.0 = Release|Any CPU
		{BC8C7BF2-AA29-4986-ACEC-D9997A2EDB86}.Debug|Any CPU.ActiveCfg = Debug|Any CPU
		{BC8C7BF2-AA29-4986-ACEC-D9997A2EDB86}.Debug|Any CPU.Build.0 = Debug|Any CPU
		{BC8C7BF2-AA29-4986-ACEC-D9997A2EDB86}.Release|Any CPU.ActiveCfg = Release|Any CPU
		{BC8C7BF2-AA29-4986-ACEC-D9997A2EDB86}.Release|Any CPU.Build.0 = Release|Any CPU
		{F8EE8E41-5868-4ABA-9CF8-F8C6310A2A02}.Debug|Any CPU.ActiveCfg = Debug|Any CPU
		{F8EE8E41-5868-4ABA-9CF8-F8C6310A2A02}.Debug|Any CPU.Build.0 = Debug|Any CPU
		{F8EE8E41-5868-4ABA-9CF8-F8C6310A2A02}.Release|Any CPU.ActiveCfg = Release|Any CPU
		{F8EE8E41-5868-4ABA-9CF8-F8C6310A2A02}.Release|Any CPU.Build.0 = Release|Any CPU
		{3B0CBBAA-6053-46B3-9D21-3A8D16610FB3}.Debug|Any CPU.ActiveCfg = Debug|Any CPU
		{3B0CBBAA-6053-46B3-9D21-3A8D16610FB3}.Debug|Any CPU.Build.0 = Debug|Any CPU
		{3B0CBBAA-6053-46B3-9D21-3A8D16610FB3}.Release|Any CPU.ActiveCfg = Release|Any CPU
		{3B0CBBAA-6053-46B3-9D21-3A8D16610FB3}.Release|Any CPU.Build.0 = Release|Any CPU
		{64A5F521-E8DC-4A64-9234-89F59C7D6B55}.Debug|Any CPU.ActiveCfg = Debug|Any CPU
		{64A5F521-E8DC-4A64-9234-89F59C7D6B55}.Debug|Any CPU.Build.0 = Debug|Any CPU
		{64A5F521-E8DC-4A64-9234-89F59C7D6B55}.Release|Any CPU.ActiveCfg = Release|Any CPU
		{64A5F521-E8DC-4A64-9234-89F59C7D6B55}.Release|Any CPU.Build.0 = Release|Any CPU
		{FB85812D-EB5F-4EC6-8565-D3ECA251C497}.Debug|Any CPU.ActiveCfg = Debug|Any CPU
		{FB85812D-EB5F-4EC6-8565-D3ECA251C497}.Debug|Any CPU.Build.0 = Debug|Any CPU
		{FB85812D-EB5F-4EC6-8565-D3ECA251C497}.Release|Any CPU.ActiveCfg = Release|Any CPU
		{FB85812D-EB5F-4EC6-8565-D3ECA251C497}.Release|Any CPU.Build.0 = Release|Any CPU
		{3A1EBB4D-0999-4155-BD7E-0AABE2930BDC}.Debug|Any CPU.ActiveCfg = Debug|Any CPU
		{3A1EBB4D-0999-4155-BD7E-0AABE2930BDC}.Debug|Any CPU.Build.0 = Debug|Any CPU
		{3A1EBB4D-0999-4155-BD7E-0AABE2930BDC}.Release|Any CPU.ActiveCfg = Release|Any CPU
		{3A1EBB4D-0999-4155-BD7E-0AABE2930BDC}.Release|Any CPU.Build.0 = Release|Any CPU
		{E90C8A5C-B231-4E03-836D-8FB71977440F}.Debug|Any CPU.ActiveCfg = Debug|Any CPU
		{E90C8A5C-B231-4E03-836D-8FB71977440F}.Debug|Any CPU.Build.0 = Debug|Any CPU
		{E90C8A5C-B231-4E03-836D-8FB71977440F}.Release|Any CPU.ActiveCfg = Release|Any CPU
		{E90C8A5C-B231-4E03-836D-8FB71977440F}.Release|Any CPU.Build.0 = Release|Any CPU
		{8FC6F8BD-933D-4F88-9074-EE063DDD0F98}.Debug|Any CPU.ActiveCfg = Debug|Any CPU
		{8FC6F8BD-933D-4F88-9074-EE063DDD0F98}.Debug|Any CPU.Build.0 = Debug|Any CPU
		{8FC6F8BD-933D-4F88-9074-EE063DDD0F98}.Release|Any CPU.ActiveCfg = Release|Any CPU
		{8FC6F8BD-933D-4F88-9074-EE063DDD0F98}.Release|Any CPU.Build.0 = Release|Any CPU
		{A8EED9F2-8CF8-4F6F-9A4F-E052F0541385}.Debug|Any CPU.ActiveCfg = Debug|Any CPU
		{A8EED9F2-8CF8-4F6F-9A4F-E052F0541385}.Debug|Any CPU.Build.0 = Debug|Any CPU
		{A8EED9F2-8CF8-4F6F-9A4F-E052F0541385}.Release|Any CPU.ActiveCfg = Release|Any CPU
		{A8EED9F2-8CF8-4F6F-9A4F-E052F0541385}.Release|Any CPU.Build.0 = Release|Any CPU
		{DFDE1031-EDD1-446E-A51E-EEE99FEF04D3}.Debug|Any CPU.ActiveCfg = Debug|Any CPU
		{DFDE1031-EDD1-446E-A51E-EEE99FEF04D3}.Debug|Any CPU.Build.0 = Debug|Any CPU
		{DFDE1031-EDD1-446E-A51E-EEE99FEF04D3}.Release|Any CPU.ActiveCfg = Release|Any CPU
		{DFDE1031-EDD1-446E-A51E-EEE99FEF04D3}.Release|Any CPU.Build.0 = Release|Any CPU
		{F9150EBC-E315-4E28-9D67-A0EC21E599D0}.Debug|Any CPU.ActiveCfg = Debug|Any CPU
		{F9150EBC-E315-4E28-9D67-A0EC21E599D0}.Debug|Any CPU.Build.0 = Debug|Any CPU
		{F9150EBC-E315-4E28-9D67-A0EC21E599D0}.Release|Any CPU.ActiveCfg = Release|Any CPU
		{F9150EBC-E315-4E28-9D67-A0EC21E599D0}.Release|Any CPU.Build.0 = Release|Any CPU
		{8DCF55B1-DA05-4C27-AD0C-B0CCDF952E78}.Debug|Any CPU.ActiveCfg = Debug|Any CPU
		{8DCF55B1-DA05-4C27-AD0C-B0CCDF952E78}.Debug|Any CPU.Build.0 = Debug|Any CPU
		{8DCF55B1-DA05-4C27-AD0C-B0CCDF952E78}.Release|Any CPU.ActiveCfg = Release|Any CPU
		{8DCF55B1-DA05-4C27-AD0C-B0CCDF952E78}.Release|Any CPU.Build.0 = Release|Any CPU
		{9086A4BA-AE04-4CDB-9DC0-C867A327AE57}.Debug|Any CPU.ActiveCfg = Debug|Any CPU
		{9086A4BA-AE04-4CDB-9DC0-C867A327AE57}.Debug|Any CPU.Build.0 = Debug|Any CPU
		{9086A4BA-AE04-4CDB-9DC0-C867A327AE57}.Release|Any CPU.ActiveCfg = Release|Any CPU
		{9086A4BA-AE04-4CDB-9DC0-C867A327AE57}.Release|Any CPU.Build.0 = Release|Any CPU
		{720E426E-7708-43DA-A223-4416476CB869}.Debug|Any CPU.ActiveCfg = Debug|Any CPU
		{720E426E-7708-43DA-A223-4416476CB869}.Debug|Any CPU.Build.0 = Debug|Any CPU
		{720E426E-7708-43DA-A223-4416476CB869}.Release|Any CPU.ActiveCfg = Release|Any CPU
		{720E426E-7708-43DA-A223-4416476CB869}.Release|Any CPU.Build.0 = Release|Any CPU
		{C9D16487-C207-4304-B75D-52A3C3505EF1}.Debug|Any CPU.ActiveCfg = Debug|Any CPU
		{C9D16487-C207-4304-B75D-52A3C3505EF1}.Debug|Any CPU.Build.0 = Debug|Any CPU
		{C9D16487-C207-4304-B75D-52A3C3505EF1}.Release|Any CPU.ActiveCfg = Release|Any CPU
		{C9D16487-C207-4304-B75D-52A3C3505EF1}.Release|Any CPU.Build.0 = Release|Any CPU
		{8DD7CFEC-FFBB-49CD-AED3-BEA86C84BBCB}.Debug|Any CPU.ActiveCfg = Debug|Any CPU
		{8DD7CFEC-FFBB-49CD-AED3-BEA86C84BBCB}.Debug|Any CPU.Build.0 = Debug|Any CPU
		{8DD7CFEC-FFBB-49CD-AED3-BEA86C84BBCB}.Release|Any CPU.ActiveCfg = Release|Any CPU
		{8DD7CFEC-FFBB-49CD-AED3-BEA86C84BBCB}.Release|Any CPU.Build.0 = Release|Any CPU
		{0E0B58FB-EF99-4639-AA94-E763799761F2}.Debug|Any CPU.ActiveCfg = Debug|Any CPU
		{0E0B58FB-EF99-4639-AA94-E763799761F2}.Debug|Any CPU.Build.0 = Debug|Any CPU
		{0E0B58FB-EF99-4639-AA94-E763799761F2}.Release|Any CPU.ActiveCfg = Release|Any CPU
		{0E0B58FB-EF99-4639-AA94-E763799761F2}.Release|Any CPU.Build.0 = Release|Any CPU
		{17AD17FD-4461-4E39-9930-9D7A8E5981FC}.Debug|Any CPU.ActiveCfg = Debug|Any CPU
		{17AD17FD-4461-4E39-9930-9D7A8E5981FC}.Debug|Any CPU.Build.0 = Debug|Any CPU
		{17AD17FD-4461-4E39-9930-9D7A8E5981FC}.Release|Any CPU.ActiveCfg = Release|Any CPU
		{17AD17FD-4461-4E39-9930-9D7A8E5981FC}.Release|Any CPU.Build.0 = Release|Any CPU
		{C2A358E4-F0C7-4D20-8A83-D2A5F5EEB028}.Debug|Any CPU.ActiveCfg = Debug|Any CPU
		{C2A358E4-F0C7-4D20-8A83-D2A5F5EEB028}.Debug|Any CPU.Build.0 = Debug|Any CPU
		{C2A358E4-F0C7-4D20-8A83-D2A5F5EEB028}.Release|Any CPU.ActiveCfg = Release|Any CPU
		{C2A358E4-F0C7-4D20-8A83-D2A5F5EEB028}.Release|Any CPU.Build.0 = Release|Any CPU
		{0D698457-A293-4547-A04E-1A90731156A9}.Debug|Any CPU.ActiveCfg = Debug|Any CPU
		{0D698457-A293-4547-A04E-1A90731156A9}.Debug|Any CPU.Build.0 = Debug|Any CPU
		{0D698457-A293-4547-A04E-1A90731156A9}.Release|Any CPU.ActiveCfg = Release|Any CPU
		{0D698457-A293-4547-A04E-1A90731156A9}.Release|Any CPU.Build.0 = Release|Any CPU
		{A9DEF692-0264-4792-A175-59B78B5B4590}.Debug|Any CPU.ActiveCfg = Debug|Any CPU
		{A9DEF692-0264-4792-A175-59B78B5B4590}.Debug|Any CPU.Build.0 = Debug|Any CPU
		{A9DEF692-0264-4792-A175-59B78B5B4590}.Release|Any CPU.ActiveCfg = Release|Any CPU
		{A9DEF692-0264-4792-A175-59B78B5B4590}.Release|Any CPU.Build.0 = Release|Any CPU
		{248E84B2-B55F-4E09-A444-9493333F5829}.Debug|Any CPU.ActiveCfg = Debug|Any CPU
		{248E84B2-B55F-4E09-A444-9493333F5829}.Debug|Any CPU.Build.0 = Debug|Any CPU
		{248E84B2-B55F-4E09-A444-9493333F5829}.Release|Any CPU.ActiveCfg = Release|Any CPU
		{248E84B2-B55F-4E09-A444-9493333F5829}.Release|Any CPU.Build.0 = Release|Any CPU
	EndGlobalSection
	GlobalSection(SolutionProperties) = preSolution
		HideSolutionNode = FALSE
	EndGlobalSection
	GlobalSection(NestedProjects) = preSolution
		{03F375FF-BC64-47EB-9D0C-A5DD49FBC0B2} = {76E7DD32-D90A-47FE-B6EC-BF80B3093D0D}
		{7B03CA41-7B1A-4919-B75A-726444CD41C7} = {1F3C07A6-6873-4C52-8C87-0F85D5AC185A}
		{E616FF82-5B05-48BC-8BF6-CF4BDB9C9658} = {1F3C07A6-6873-4C52-8C87-0F85D5AC185A}
		{7D3476FD-676C-4B21-BBB0-66F747CC88A0} = {1F3C07A6-6873-4C52-8C87-0F85D5AC185A}
		{4A6582B9-E11A-46F5-BE2C-94408E4F560E} = {7D3476FD-676C-4B21-BBB0-66F747CC88A0}
		{44D5E2D3-556C-4D98-BECF-848695910DB2} = {7D3476FD-676C-4B21-BBB0-66F747CC88A0}
		{678B9EF8-E756-486D-AD72-BB253C7A6CDD} = {7D3476FD-676C-4B21-BBB0-66F747CC88A0}
		{504D8539-882C-4FA9-A50E-265AA546C54F} = {7D3476FD-676C-4B21-BBB0-66F747CC88A0}
		{82B9C054-3422-41B9-88B0-DD033B58AAA1} = {7D3476FD-676C-4B21-BBB0-66F747CC88A0}
		{ED74CE01-1A49-4A99-B302-2C0247C4714A} = {1F3C07A6-6873-4C52-8C87-0F85D5AC185A}
		{25961D38-4756-4D1A-B5B7-01EB45AC6113} = {1F3C07A6-6873-4C52-8C87-0F85D5AC185A}
		{69DA9E76-37F3-4D51-B13E-B2F07A7EEBC1} = {1F3C07A6-6873-4C52-8C87-0F85D5AC185A}
		{361C1C1F-96D7-4751-8C24-897DB37AEDCC} = {0EF6F37D-5117-4BD2-B770-E0BB6968EFFD}
		{85B0F90D-F2D1-48D9-8FEE-5A74C8A625D0} = {0EF6F37D-5117-4BD2-B770-E0BB6968EFFD}
		{0EBB7B16-5805-4CCF-B9EF-8F98652491AB} = {0EF6F37D-5117-4BD2-B770-E0BB6968EFFD}
		{AAD6CD40-F53D-4A49-A8DD-042140070D5C} = {0EBB7B16-5805-4CCF-B9EF-8F98652491AB}
		{B19EE796-636D-4050-AEDC-69B39528AC4B} = {0EBB7B16-5805-4CCF-B9EF-8F98652491AB}
		{FA22AEE8-3EC2-4703-BA71-D0D8379B8D34} = {0EBB7B16-5805-4CCF-B9EF-8F98652491AB}
		{35DEC715-EC2B-44DD-AF3C-08EBD9A85BC1} = {0EBB7B16-5805-4CCF-B9EF-8F98652491AB}
		{31340448-BAE2-4319-8448-3807E506897D} = {0EBB7B16-5805-4CCF-B9EF-8F98652491AB}
		{BC8C7BF2-AA29-4986-ACEC-D9997A2EDB86} = {0EF6F37D-5117-4BD2-B770-E0BB6968EFFD}
		{F8EE8E41-5868-4ABA-9CF8-F8C6310A2A02} = {0EF6F37D-5117-4BD2-B770-E0BB6968EFFD}
		{3B0CBBAA-6053-46B3-9D21-3A8D16610FB3} = {0EF6F37D-5117-4BD2-B770-E0BB6968EFFD}
		{64A5F521-E8DC-4A64-9234-89F59C7D6B55} = {00ABDD93-5285-4BFD-9D64-FFC3D1F15CA9}
		{FB85812D-EB5F-4EC6-8565-D3ECA251C497} = {A57749F4-75AF-49AD-A1AB-F1F99B4D7EE1}
		{3A1EBB4D-0999-4155-BD7E-0AABE2930BDC} = {A57749F4-75AF-49AD-A1AB-F1F99B4D7EE1}
		{E90C8A5C-B231-4E03-836D-8FB71977440F} = {A57749F4-75AF-49AD-A1AB-F1F99B4D7EE1}
		{8FC6F8BD-933D-4F88-9074-EE063DDD0F98} = {A57749F4-75AF-49AD-A1AB-F1F99B4D7EE1}
		{A8EED9F2-8CF8-4F6F-9A4F-E052F0541385} = {A57749F4-75AF-49AD-A1AB-F1F99B4D7EE1}
		{DFDE1031-EDD1-446E-A51E-EEE99FEF04D3} = {A57749F4-75AF-49AD-A1AB-F1F99B4D7EE1}
		{F9150EBC-E315-4E28-9D67-A0EC21E599D0} = {A57749F4-75AF-49AD-A1AB-F1F99B4D7EE1}
		{8DCF55B1-DA05-4C27-AD0C-B0CCDF952E78} = {9FCD60D9-C176-42D4-A0F4-F1AA3900C3A8}
		{9086A4BA-AE04-4CDB-9DC0-C867A327AE57} = {D1E44E44-99A2-4FEE-98E7-5D82D35653E1}
		{720E426E-7708-43DA-A223-4416476CB869} = {D1E44E44-99A2-4FEE-98E7-5D82D35653E1}
		{C9D16487-C207-4304-B75D-52A3C3505EF1} = {D1E44E44-99A2-4FEE-98E7-5D82D35653E1}
		{8DD7CFEC-FFBB-49CD-AED3-BEA86C84BBCB} = {D1E44E44-99A2-4FEE-98E7-5D82D35653E1}
		{0E0B58FB-EF99-4639-AA94-E763799761F2} = {D1E44E44-99A2-4FEE-98E7-5D82D35653E1}
		{17AD17FD-4461-4E39-9930-9D7A8E5981FC} = {D1E44E44-99A2-4FEE-98E7-5D82D35653E1}
		{C2A358E4-F0C7-4D20-8A83-D2A5F5EEB028} = {D1E44E44-99A2-4FEE-98E7-5D82D35653E1}
		{0D698457-A293-4547-A04E-1A90731156A9} = {0EF6F37D-5117-4BD2-B770-E0BB6968EFFD}
		{A9DEF692-0264-4792-A175-59B78B5B4590} = {A57749F4-75AF-49AD-A1AB-F1F99B4D7EE1}
		{248E84B2-B55F-4E09-A444-9493333F5829} = {A57749F4-75AF-49AD-A1AB-F1F99B4D7EE1}
	EndGlobalSection
	GlobalSection(ExtensibilityGlobals) = postSolution
		SolutionGuid = {EAB02541-D67B-49B1-8A35-3879642F8E69}
	EndGlobalSection
EndGlobal
