
Microsoft Visual Studio Solution File, Format Version 12.00
# Visual Studio Version 17
VisualStudioVersion = 17.2.32630.192
MinimumVisualStudioVersion = 10.0.40219.1
Project("{2150E333-8FDC-42A3-9474-1A3956D46DE8}") = "01_StartUp", "01_StartUp", "{76E7DD32-D90A-47FE-B6EC-BF80B3093D0D}"
EndProject
Project("{2150E333-8FDC-42A3-9474-1A3956D46DE8}") = "02_Mini", "02_Mini", "{1F3C07A6-6873-4C52-8C87-0F85D5AC185A}"
EndProject
Project("{2150E333-8FDC-42A3-9474-1A3956D46DE8}") = "50_DBTool", "50_DBTool", "{0EF6F37D-5117-4BD2-B770-E0BB6968EFFD}"
EndProject
Project("{2150E333-8FDC-42A3-9474-1A3956D46DE8}") = "90_Doc", "90_Doc", "{00ABDD93-5285-4BFD-9D64-FFC3D1F15CA9}"
EndProject
Project("{FAE04EC0-301F-11D3-BF4B-00C04F79EFBC}") = "Breezee.Framework.Mini.StartUp", "..\002_MiniFramework\Breezee.Framework.Mini.StartUp\Breezee.Framework.Mini.StartUp.csproj", "{03F375FF-BC64-47EB-9D0C-A5DD49FBC0B2}"
EndProject
Project("{FAE04EC0-301F-11D3-BF4B-00C04F79EFBC}") = "Breezee.Framework.Mini.BLL", "..\002_MiniFramework\Breezee.Framework.Mini.BLL\Breezee.Framework.Mini.BLL.csproj", "{7B03CA41-7B1A-4919-B75A-726444CD41C7}"
EndProject
Project("{FAE04EC0-301F-11D3-BF4B-00C04F79EFBC}") = "Breezee.Framework.Mini.DAL", "..\002_MiniFramework\Breezee.Framework.Mini.DAL\Breezee.Framework.Mini.DAL.csproj", "{E616FF82-5B05-48BC-8BF6-CF4BDB9C9658}"
EndProject
Project("{2150E333-8FDC-42A3-9474-1A3956D46DE8}") = "DataAccess", "DataAccess", "{7D3476FD-676C-4B21-BBB0-66F747CC88A0}"
EndProject
Project("{FAE04EC0-301F-11D3-BF4B-00C04F79EFBC}") = "Breezee.Framework.Mini.DAL.MySql", "..\002_MiniFramework\Breezee.Framework.Mini.DAL.MySql\Breezee.Framework.Mini.DAL.MySql.csproj", "{4A6582B9-E11A-46F5-BE2C-94408E4F560E}"
EndProject
Project("{FAE04EC0-301F-11D3-BF4B-00C04F79EFBC}") = "Breezee.Framework.Mini.DAL.Oracle", "..\002_MiniFramework\Breezee.Framework.Mini.DAL.Oracle\Breezee.Framework.Mini.DAL.Oracle.csproj", "{44D5E2D3-556C-4D98-BECF-848695910DB2}"
EndProject
Project("{FAE04EC0-301F-11D3-BF4B-00C04F79EFBC}") = "Breezee.Framework.Mini.DAL.PostgreSql", "..\002_MiniFramework\Breezee.Framework.Mini.DAL.PostgreSql\Breezee.Framework.Mini.DAL.PostgreSql.csproj", "{678B9EF8-E756-486D-AD72-BB253C7A6CDD}"
EndProject
Project("{FAE04EC0-301F-11D3-BF4B-00C04F79EFBC}") = "Breezee.Framework.Mini.DAL.SQLite", "..\002_MiniFramework\Breezee.Framework.Mini.DAL.SQLite\Breezee.Framework.Mini.DAL.SQLite.csproj", "{504D8539-882C-4FA9-A50E-265AA546C54F}"
EndProject
Project("{FAE04EC0-301F-11D3-BF4B-00C04F79EFBC}") = "Breezee.Framework.Mini.DAL.SqlServer", "..\002_MiniFramework\Breezee.Framework.Mini.DAL.SqlServer\Breezee.Framework.Mini.DAL.SqlServer.csproj", "{82B9C054-3422-41B9-88B0-DD033B58AAA1}"
EndProject
Project("{FAE04EC0-301F-11D3-BF4B-00C04F79EFBC}") = "Breezee.Framework.Mini.Entity", "..\002_MiniFramework\Breezee.Framework.Mini.Entity\Breezee.Framework.Mini.Entity.csproj", "{ED74CE01-1A49-4A99-B302-2C0247C4714A}"
EndProject
Project("{FAE04EC0-301F-11D3-BF4B-00C04F79EFBC}") = "Breezee.Framework.Mini.IBLL", "..\002_MiniFramework\Breezee.Framework.Mini.IBLL\Breezee.Framework.Mini.IBLL.csproj", "{25961D38-4756-4D1A-B5B7-01EB45AC6113}"
EndProject
Project("{FAE04EC0-301F-11D3-BF4B-00C04F79EFBC}") = "Breezee.Framework.Mini.IDAL", "..\002_MiniFramework\Breezee.Framework.Mini.IDAL\Breezee.Framework.Mini.IDAL.csproj", "{69DA9E76-37F3-4D51-B13E-B2F07A7EEBC1}"
EndProject
Project("{FAE04EC0-301F-11D3-BF4B-00C04F79EFBC}") = "Breezee.WorkHelper.DBTool.BLL", "..\050_DBTool\Breezee.WorkHelper.DBTool.BLL\Breezee.WorkHelper.DBTool.BLL.csproj", "{361C1C1F-96D7-4751-8C24-897DB37AEDCC}"
EndProject
Project("{FAE04EC0-301F-11D3-BF4B-00C04F79EFBC}") = "Breezee.WorkHelper.DBTool.DAL", "..\050_DBTool\Breezee.WorkHelper.DBTool.DAL\Breezee.WorkHelper.DBTool.DAL.csproj", "{85B0F90D-F2D1-48D9-8FEE-5A74C8A625D0}"
EndProject
Project("{2150E333-8FDC-42A3-9474-1A3956D46DE8}") = "DataAccess", "DataAccess", "{0EBB7B16-5805-4CCF-B9EF-8F98652491AB}"
EndProject
Project("{FAE04EC0-301F-11D3-BF4B-00C04F79EFBC}") = "Breezee.WorkHelper.DBTool.DAL.MySql", "..\050_DBTool\Breezee.WorkHelper.DBTool.DAL.MySql\Breezee.WorkHelper.DBTool.DAL.MySql.csproj", "{AAD6CD40-F53D-4A49-A8DD-042140070D5C}"
EndProject
Project("{FAE04EC0-301F-11D3-BF4B-00C04F79EFBC}") = "Breezee.WorkHelper.DBTool.DAL.Oracle", "..\050_DBTool\Breezee.WorkHelper.DBTool.DAL.Oracle\Breezee.WorkHelper.DBTool.DAL.Oracle.csproj", "{B19EE796-636D-4050-AEDC-69B39528AC4B}"
EndProject
Project("{FAE04EC0-301F-11D3-BF4B-00C04F79EFBC}") = "Breezee.WorkHelper.DBTool.DAL.PostgreSql", "..\050_DBTool\Breezee.WorkHelper.DBTool.DAL.PostgreSql\Breezee.WorkHelper.DBTool.DAL.PostgreSql.csproj", "{FA22AEE8-3EC2-4703-BA71-D0D8379B8D34}"
EndProject
Project("{FAE04EC0-301F-11D3-BF4B-00C04F79EFBC}") = "Breezee.WorkHelper.DBTool.DAL.SQLite", "..\050_DBTool\Breezee.WorkHelper.DBTool.DAL.SQLite\Breezee.WorkHelper.DBTool.DAL.SQLite.csproj", "{35DEC715-EC2B-44DD-AF3C-08EBD9A85BC1}"
EndProject
Project("{FAE04EC0-301F-11D3-BF4B-00C04F79EFBC}") = "Breezee.WorkHelper.DBTool.DAL.SqlServer", "..\050_DBTool\Breezee.WorkHelper.DBTool.DAL.SqlServer\Breezee.WorkHelper.DBTool.DAL.SqlServer.csproj", "{31340448-BAE2-4319-8448-3807E506897D}"
EndProject
Project("{FAE04EC0-301F-11D3-BF4B-00C04F79EFBC}") = "Breezee.WorkHelper.DBTool.Entity", "..\050_DBTool\Breezee.WorkHelper.DBTool.Entity\Breezee.WorkHelper.DBTool.Entity.csproj", "{BC8C7BF2-AA29-4986-ACEC-D9997A2EDB86}"
EndProject
Project("{FAE04EC0-301F-11D3-BF4B-00C04F79EFBC}") = "Breezee.WorkHelper.DBTool.IBLL", "..\050_DBTool\Breezee.WorkHelper.DBTool.IBLL\Breezee.WorkHelper.DBTool.IBLL.csproj", "{F8EE8E41-5868-4ABA-9CF8-F8C6310A2A02}"
EndProject
Project("{FAE04EC0-301F-11D3-BF4B-00C04F79EFBC}") = "Breezee.WorkHelper.DBTool.IDAL", "..\050_DBTool\Breezee.WorkHelper.DBTool.IDAL\Breezee.WorkHelper.DBTool.IDAL.csproj", "{3B0CBBAA-6053-46B3-9D21-3A8D16610FB3}"
EndProject
Project("{FAE04EC0-301F-11D3-BF4B-00C04F79EFBC}") = "Breezee.WorkHelper.DBTool.UI", "..\050_DBTool\Breezee.WorkHelper.DBTool.UI\Breezee.WorkHelper.DBTool.UI.csproj", "{51B33514-2096-4E5D-A5A3-00D9E68CEEBF}"
EndProject
Project("{FAE04EC0-301F-11D3-BF4B-00C04F79EFBC}") = "Breezee.WorkHelper.DBTool.Doc", "..\050_DBTool\Breezee.WorkHelper.DBTool.Doc\Breezee.WorkHelper.DBTool.Doc.csproj", "{64A5F521-E8DC-4A64-9234-89F59C7D6B55}"
EndProject
Global
	GlobalSection(SolutionConfigurationPlatforms) = preSolution
		Debug|Any CPU = Debug|Any CPU
		Release|Any CPU = Release|Any CPU
	EndGlobalSection
	GlobalSection(ProjectConfigurationPlatforms) = postSolution
		{03F375FF-BC64-47EB-9D0C-A5DD49FBC0B2}.Debug|Any CPU.ActiveCfg = Debug|Any CPU
		{03F375FF-BC64-47EB-9D0C-A5DD49FBC0B2}.Debug|Any CPU.Build.0 = Debug|Any CPU
		{03F375FF-BC64-47EB-9D0C-A5DD49FBC0B2}.Release|Any CPU.ActiveCfg = Release|Any CPU
		{03F375FF-BC64-47EB-9D0C-A5DD49FBC0B2}.Release|Any CPU.Build.0 = Release|Any CPU
		{7B03CA41-7B1A-4919-B75A-726444CD41C7}.Debug|Any CPU.ActiveCfg = Debug|Any CPU
		{7B03CA41-7B1A-4919-B75A-726444CD41C7}.Debug|Any CPU.Build.0 = Debug|Any CPU
		{7B03CA41-7B1A-4919-B75A-726444CD41C7}.Release|Any CPU.ActiveCfg = Release|Any CPU
		{7B03CA41-7B1A-4919-B75A-726444CD41C7}.Release|Any CPU.Build.0 = Release|Any CPU
		{E616FF82-5B05-48BC-8BF6-CF4BDB9C9658}.Debug|Any CPU.ActiveCfg = Debug|Any CPU
		{E616FF82-5B05-48BC-8BF6-CF4BDB9C9658}.Debug|Any CPU.Build.0 = Debug|Any CPU
		{E616FF82-5B05-48BC-8BF6-CF4BDB9C9658}.Release|Any CPU.ActiveCfg = Release|Any CPU
		{E616FF82-5B05-48BC-8BF6-CF4BDB9C9658}.Release|Any CPU.Build.0 = Release|Any CPU
		{4A6582B9-E11A-46F5-BE2C-94408E4F560E}.Debug|Any CPU.ActiveCfg = Debug|Any CPU
		{4A6582B9-E11A-46F5-BE2C-94408E4F560E}.Debug|Any CPU.Build.0 = Debug|Any CPU
		{4A6582B9-E11A-46F5-BE2C-94408E4F560E}.Release|Any CPU.ActiveCfg = Release|Any CPU
		{4A6582B9-E11A-46F5-BE2C-94408E4F560E}.Release|Any CPU.Build.0 = Release|Any CPU
		{44D5E2D3-556C-4D98-BECF-848695910DB2}.Debug|Any CPU.ActiveCfg = Debug|Any CPU
		{44D5E2D3-556C-4D98-BECF-848695910DB2}.Debug|Any CPU.Build.0 = Debug|Any CPU
		{44D5E2D3-556C-4D98-BECF-848695910DB2}.Release|Any CPU.ActiveCfg = Release|Any CPU
		{44D5E2D3-556C-4D98-BECF-848695910DB2}.Release|Any CPU.Build.0 = Release|Any CPU
		{678B9EF8-E756-486D-AD72-BB253C7A6CDD}.Debug|Any CPU.ActiveCfg = Debug|Any CPU
		{678B9EF8-E756-486D-AD72-BB253C7A6CDD}.Debug|Any CPU.Build.0 = Debug|Any CPU
		{678B9EF8-E756-486D-AD72-BB253C7A6CDD}.Release|Any CPU.ActiveCfg = Release|Any CPU
		{678B9EF8-E756-486D-AD72-BB253C7A6CDD}.Release|Any CPU.Build.0 = Release|Any CPU
		{504D8539-882C-4FA9-A50E-265AA546C54F}.Debug|Any CPU.ActiveCfg = Debug|Any CPU
		{504D8539-882C-4FA9-A50E-265AA546C54F}.Debug|Any CPU.Build.0 = Debug|Any CPU
		{504D8539-882C-4FA9-A50E-265AA546C54F}.Release|Any CPU.ActiveCfg = Release|Any CPU
		{504D8539-882C-4FA9-A50E-265AA546C54F}.Release|Any CPU.Build.0 = Release|Any CPU
		{82B9C054-3422-41B9-88B0-DD033B58AAA1}.Debug|Any CPU.ActiveCfg = Debug|Any CPU
		{82B9C054-3422-41B9-88B0-DD033B58AAA1}.Debug|Any CPU.Build.0 = Debug|Any CPU
		{82B9C054-3422-41B9-88B0-DD033B58AAA1}.Release|Any CPU.ActiveCfg = Release|Any CPU
		{82B9C054-3422-41B9-88B0-DD033B58AAA1}.Release|Any CPU.Build.0 = Release|Any CPU
		{ED74CE01-1A49-4A99-B302-2C0247C4714A}.Debug|Any CPU.ActiveCfg = Debug|Any CPU
		{ED74CE01-1A49-4A99-B302-2C0247C4714A}.Debug|Any CPU.Build.0 = Debug|Any CPU
		{ED74CE01-1A49-4A99-B302-2C0247C4714A}.Release|Any CPU.ActiveCfg = Release|Any CPU
		{ED74CE01-1A49-4A99-B302-2C0247C4714A}.Release|Any CPU.Build.0 = Release|Any CPU
		{25961D38-4756-4D1A-B5B7-01EB45AC6113}.Debug|Any CPU.ActiveCfg = Debug|Any CPU
		{25961D38-4756-4D1A-B5B7-01EB45AC6113}.Debug|Any CPU.Build.0 = Debug|Any CPU
		{25961D38-4756-4D1A-B5B7-01EB45AC6113}.Release|Any CPU.ActiveCfg = Release|Any CPU
		{25961D38-4756-4D1A-B5B7-01EB45AC6113}.Release|Any CPU.Build.0 = Release|Any CPU
		{69DA9E76-37F3-4D51-B13E-B2F07A7EEBC1}.Debug|Any CPU.ActiveCfg = Debug|Any CPU
		{69DA9E76-37F3-4D51-B13E-B2F07A7EEBC1}.Debug|Any CPU.Build.0 = Debug|Any CPU
		{69DA9E76-37F3-4D51-B13E-B2F07A7EEBC1}.Release|Any CPU.ActiveCfg = Release|Any CPU
		{69DA9E76-37F3-4D51-B13E-B2F07A7EEBC1}.Release|Any CPU.Build.0 = Release|Any CPU
		{361C1C1F-96D7-4751-8C24-897DB37AEDCC}.Debug|Any CPU.ActiveCfg = Debug|Any CPU
		{361C1C1F-96D7-4751-8C24-897DB37AEDCC}.Debug|Any CPU.Build.0 = Debug|Any CPU
		{361C1C1F-96D7-4751-8C24-897DB37AEDCC}.Release|Any CPU.ActiveCfg = Release|Any CPU
		{361C1C1F-96D7-4751-8C24-897DB37AEDCC}.Release|Any CPU.Build.0 = Release|Any CPU
		{85B0F90D-F2D1-48D9-8FEE-5A74C8A625D0}.Debug|Any CPU.ActiveCfg = Debug|Any CPU
		{85B0F90D-F2D1-48D9-8FEE-5A74C8A625D0}.Debug|Any CPU.Build.0 = Debug|Any CPU
		{85B0F90D-F2D1-48D9-8FEE-5A74C8A625D0}.Release|Any CPU.ActiveCfg = Release|Any CPU
		{85B0F90D-F2D1-48D9-8FEE-5A74C8A625D0}.Release|Any CPU.Build.0 = Release|Any CPU
		{AAD6CD40-F53D-4A49-A8DD-042140070D5C}.Debug|Any CPU.ActiveCfg = Debug|Any CPU
		{AAD6CD40-F53D-4A49-A8DD-042140070D5C}.Debug|Any CPU.Build.0 = Debug|Any CPU
		{AAD6CD40-F53D-4A49-A8DD-042140070D5C}.Release|Any CPU.ActiveCfg = Release|Any CPU
		{AAD6CD40-F53D-4A49-A8DD-042140070D5C}.Release|Any CPU.Build.0 = Release|Any CPU
		{B19EE796-636D-4050-AEDC-69B39528AC4B}.Debug|Any CPU.ActiveCfg = Debug|Any CPU
		{B19EE796-636D-4050-AEDC-69B39528AC4B}.Debug|Any CPU.Build.0 = Debug|Any CPU
		{B19EE796-636D-4050-AEDC-69B39528AC4B}.Release|Any CPU.ActiveCfg = Release|Any CPU
		{B19EE796-636D-4050-AEDC-69B39528AC4B}.Release|Any CPU.Build.0 = Release|Any CPU
		{FA22AEE8-3EC2-4703-BA71-D0D8379B8D34}.Debug|Any CPU.ActiveCfg = Debug|Any CPU
		{FA22AEE8-3EC2-4703-BA71-D0D8379B8D34}.Debug|Any CPU.Build.0 = Debug|Any CPU
		{FA22AEE8-3EC2-4703-BA71-D0D8379B8D34}.Release|Any CPU.ActiveCfg = Release|Any CPU
		{FA22AEE8-3EC2-4703-BA71-D0D8379B8D34}.Release|Any CPU.Build.0 = Release|Any CPU
		{35DEC715-EC2B-44DD-AF3C-08EBD9A85BC1}.Debug|Any CPU.ActiveCfg = Debug|Any CPU
		{35DEC715-EC2B-44DD-AF3C-08EBD9A85BC1}.Debug|Any CPU.Build.0 = Debug|Any CPU
		{35DEC715-EC2B-44DD-AF3C-08EBD9A85BC1}.Release|Any CPU.ActiveCfg = Release|Any CPU
		{35DEC715-EC2B-44DD-AF3C-08EBD9A85BC1}.Release|Any CPU.Build.0 = Release|Any CPU
		{31340448-BAE2-4319-8448-3807E506897D}.Debug|Any CPU.ActiveCfg = Debug|Any CPU
		{31340448-BAE2-4319-8448-3807E506897D}.Debug|Any CPU.Build.0 = Debug|Any CPU
		{31340448-BAE2-4319-8448-3807E506897D}.Release|Any CPU.ActiveCfg = Release|Any CPU
		{31340448-BAE2-4319-8448-3807E506897D}.Release|Any CPU.Build.0 = Release|Any CPU
		{BC8C7BF2-AA29-4986-ACEC-D9997A2EDB86}.Debug|Any CPU.ActiveCfg = Debug|Any CPU
		{BC8C7BF2-AA29-4986-ACEC-D9997A2EDB86}.Debug|Any CPU.Build.0 = Debug|Any CPU
		{BC8C7BF2-AA29-4986-ACEC-D9997A2EDB86}.Release|Any CPU.ActiveCfg = Release|Any CPU
		{BC8C7BF2-AA29-4986-ACEC-D9997A2EDB86}.Release|Any CPU.Build.0 = Release|Any CPU
		{F8EE8E41-5868-4ABA-9CF8-F8C6310A2A02}.Debug|Any CPU.ActiveCfg = Debug|Any CPU
		{F8EE8E41-5868-4ABA-9CF8-F8C6310A2A02}.Debug|Any CPU.Build.0 = Debug|Any CPU
		{F8EE8E41-5868-4ABA-9CF8-F8C6310A2A02}.Release|Any CPU.ActiveCfg = Release|Any CPU
		{F8EE8E41-5868-4ABA-9CF8-F8C6310A2A02}.Release|Any CPU.Build.0 = Release|Any CPU
		{3B0CBBAA-6053-46B3-9D21-3A8D16610FB3}.Debug|Any CPU.ActiveCfg = Debug|Any CPU
		{3B0CBBAA-6053-46B3-9D21-3A8D16610FB3}.Debug|Any CPU.Build.0 = Debug|Any CPU
		{3B0CBBAA-6053-46B3-9D21-3A8D16610FB3}.Release|Any CPU.ActiveCfg = Release|Any CPU
		{3B0CBBAA-6053-46B3-9D21-3A8D16610FB3}.Release|Any CPU.Build.0 = Release|Any CPU
		{51B33514-2096-4E5D-A5A3-00D9E68CEEBF}.Debug|Any CPU.ActiveCfg = Debug|Any CPU
		{51B33514-2096-4E5D-A5A3-00D9E68CEEBF}.Debug|Any CPU.Build.0 = Debug|Any CPU
		{51B33514-2096-4E5D-A5A3-00D9E68CEEBF}.Release|Any CPU.ActiveCfg = Release|Any CPU
		{51B33514-2096-4E5D-A5A3-00D9E68CEEBF}.Release|Any CPU.Build.0 = Release|Any CPU
		{64A5F521-E8DC-4A64-9234-89F59C7D6B55}.Debug|Any CPU.ActiveCfg = Debug|Any CPU
		{64A5F521-E8DC-4A64-9234-89F59C7D6B55}.Debug|Any CPU.Build.0 = Debug|Any CPU
		{64A5F521-E8DC-4A64-9234-89F59C7D6B55}.Release|Any CPU.ActiveCfg = Release|Any CPU
		{64A5F521-E8DC-4A64-9234-89F59C7D6B55}.Release|Any CPU.Build.0 = Release|Any CPU
	EndGlobalSection
	GlobalSection(SolutionProperties) = preSolution
		HideSolutionNode = FALSE
	EndGlobalSection
	GlobalSection(NestedProjects) = preSolution
		{03F375FF-BC64-47EB-9D0C-A5DD49FBC0B2} = {76E7DD32-D90A-47FE-B6EC-BF80B3093D0D}
		{7B03CA41-7B1A-4919-B75A-726444CD41C7} = {1F3C07A6-6873-4C52-8C87-0F85D5AC185A}
		{E616FF82-5B05-48BC-8BF6-CF4BDB9C9658} = {1F3C07A6-6873-4C52-8C87-0F85D5AC185A}
		{7D3476FD-676C-4B21-BBB0-66F747CC88A0} = {1F3C07A6-6873-4C52-8C87-0F85D5AC185A}
		{4A6582B9-E11A-46F5-BE2C-94408E4F560E} = {7D3476FD-676C-4B21-BBB0-66F747CC88A0}
		{44D5E2D3-556C-4D98-BECF-848695910DB2} = {7D3476FD-676C-4B21-BBB0-66F747CC88A0}
		{678B9EF8-E756-486D-AD72-BB253C7A6CDD} = {7D3476FD-676C-4B21-BBB0-66F747CC88A0}
		{504D8539-882C-4FA9-A50E-265AA546C54F} = {7D3476FD-676C-4B21-BBB0-66F747CC88A0}
		{82B9C054-3422-41B9-88B0-DD033B58AAA1} = {7D3476FD-676C-4B21-BBB0-66F747CC88A0}
		{ED74CE01-1A49-4A99-B302-2C0247C4714A} = {1F3C07A6-6873-4C52-8C87-0F85D5AC185A}
		{25961D38-4756-4D1A-B5B7-01EB45AC6113} = {1F3C07A6-6873-4C52-8C87-0F85D5AC185A}
		{69DA9E76-37F3-4D51-B13E-B2F07A7EEBC1} = {1F3C07A6-6873-4C52-8C87-0F85D5AC185A}
		{361C1C1F-96D7-4751-8C24-897DB37AEDCC} = {0EF6F37D-5117-4BD2-B770-E0BB6968EFFD}
		{85B0F90D-F2D1-48D9-8FEE-5A74C8A625D0} = {0EF6F37D-5117-4BD2-B770-E0BB6968EFFD}
		{0EBB7B16-5805-4CCF-B9EF-8F98652491AB} = {0EF6F37D-5117-4BD2-B770-E0BB6968EFFD}
		{AAD6CD40-F53D-4A49-A8DD-042140070D5C} = {0EBB7B16-5805-4CCF-B9EF-8F98652491AB}
		{B19EE796-636D-4050-AEDC-69B39528AC4B} = {0EBB7B16-5805-4CCF-B9EF-8F98652491AB}
		{FA22AEE8-3EC2-4703-BA71-D0D8379B8D34} = {0EBB7B16-5805-4CCF-B9EF-8F98652491AB}
		{35DEC715-EC2B-44DD-AF3C-08EBD9A85BC1} = {0EBB7B16-5805-4CCF-B9EF-8F98652491AB}
		{31340448-BAE2-4319-8448-3807E506897D} = {0EBB7B16-5805-4CCF-B9EF-8F98652491AB}
		{BC8C7BF2-AA29-4986-ACEC-D9997A2EDB86} = {0EF6F37D-5117-4BD2-B770-E0BB6968EFFD}
		{F8EE8E41-5868-4ABA-9CF8-F8C6310A2A02} = {0EF6F37D-5117-4BD2-B770-E0BB6968EFFD}
		{3B0CBBAA-6053-46B3-9D21-3A8D16610FB3} = {0EF6F37D-5117-4BD2-B770-E0BB6968EFFD}
		{51B33514-2096-4E5D-A5A3-00D9E68CEEBF} = {0EF6F37D-5117-4BD2-B770-E0BB6968EFFD}
		{64A5F521-E8DC-4A64-9234-89F59C7D6B55} = {00ABDD93-5285-4BFD-9D64-FFC3D1F15CA9}
	EndGlobalSection
	GlobalSection(ExtensibilityGlobals) = postSolution
		SolutionGuid = {EAB02541-D67B-49B1-8A35-3879642F8E69}
	EndGlobalSection
EndGlobal
